// !$*UTF8*$!
{
	archiveVersion = 1;
	classes = {
	};
	objectVersion = 56;
	objects = {

/* Begin PBXBuildFile section */
		F555A6572BB0B0D000B88DD5 /* CustomToolbar.swift in Sources */ = {isa = PBXBuildFile; fileRef = F555A64A2BB0B0D000B88DD5 /* CustomToolbar.swift */; };
		F555A6582BB0B0D000B88DD5 /* ListView.swift in Sources */ = {isa = PBXBuildFile; fileRef = F555A64B2BB0B0D000B88DD5 /* ListView.swift */; };
		F555A6592BB0B0D000B88DD5 /* NewViewCustomToolbar.swift in Sources */ = {isa = PBXBuildFile; fileRef = F555A64C2BB0B0D000B88DD5 /* NewViewCustomToolbar.swift */; };
		F555A65A2BB0B0D000B88DD5 /* NewView.swift in Sources */ = {isa = PBXBuildFile; fileRef = F555A64D2BB0B0D000B88DD5 /* NewView.swift */; };
		F555A65B2BB0B0D000B88DD5 /* Preview Assets.xcassets in Resources */ = {isa = PBXBuildFile; fileRef = F555A6502BB0B0D000B88DD5 /* Preview Assets.xcassets */; };
		F555A65C2BB0B0D000B88DD5 /* Assets.xcassets in Resources */ = {isa = PBXBuildFile; fileRef = F555A6522BB0B0D000B88DD5 /* Assets.xcassets */; };
		F555A65D2BB0B0D000B88DD5 /* ContentView.swift in Sources */ = {isa = PBXBuildFile; fileRef = F555A6532BB0B0D000B88DD5 /* ContentView.swift */; };
		F555A65E2BB0B0D000B88DD5 /* UpworkApp.swift in Sources */ = {isa = PBXBuildFile; fileRef = F555A6542BB0B0D000B88DD5 /* UpworkApp.swift */; };
		F555A6612BB0B38D00B88DD5 /* Tab.swift in Sources */ = {isa = PBXBuildFile; fileRef = F555A65F2BB0B38C00B88DD5 /* Tab.swift */; };
		F555A6632BB0B48700B88DD5 /* TabsView.swift in Sources */ = {isa = PBXBuildFile; fileRef = F555A6622BB0B48700B88DD5 /* TabsView.swift */; };
		F555A6652BB0B89F00B88DD5 /* ProfileTabView.swift in Sources */ = {isa = PBXBuildFile; fileRef = F555A6642BB0B89F00B88DD5 /* ProfileTabView.swift */; };
		F5A7DF0D2BB09EF30092D436 /* UpworkTests.swift in Sources */ = {isa = PBXBuildFile; fileRef = F5A7DF0C2BB09EF30092D436 /* UpworkTests.swift */; };
		F5B9855C2BB8860C001EAAEA /* ProfileCustomPicker.swift in Sources */ = {isa = PBXBuildFile; fileRef = F5B985592BB8860C001EAAEA /* ProfileCustomPicker.swift */; };
		F5B9855D2BB8860C001EAAEA /* TwitterProfile.swift in Sources */ = {isa = PBXBuildFile; fileRef = F5B9855A2BB8860C001EAAEA /* TwitterProfile.swift */; };
		F5B9857A2BB898AE001EAAEA /* View.swift in Sources */ = {isa = PBXBuildFile; fileRef = F5B9856B2BB898AD001EAAEA /* View.swift */; };
		F5B9857C2BB89948001EAAEA /* SwipeDirection.swift in Sources */ = {isa = PBXBuildFile; fileRef = F5B9857B2BB89948001EAAEA /* SwipeDirection.swift */; };
		F5B9857F2BB89C06001EAAEA /* LinearInterpolation.swift in Sources */ = {isa = PBXBuildFile; fileRef = F5B9857D2BB89C06001EAAEA /* LinearInterpolation.swift */; };
		F5B985842BB89E44001EAAEA /* ComplexView.swift in Sources */ = {isa = PBXBuildFile; fileRef = F5B985822BB89E44001EAAEA /* ComplexView.swift */; };
		F5B985912BB8AE88001EAAEA /* OriginalProfileCustomPicker.swift in Sources */ = {isa = PBXBuildFile; fileRef = F5B9858D2BB8AE88001EAAEA /* OriginalProfileCustomPicker.swift */; };
		F5B985922BB8AE88001EAAEA /* OriginalTwitterProfile.swift in Sources */ = {isa = PBXBuildFile; fileRef = F5B9858E2BB8AE88001EAAEA /* OriginalTwitterProfile.swift */; };
/* End PBXBuildFile section */

/* Begin PBXContainerItemProxy section */
		F5A7DF092BB09EF30092D436 /* PBXContainerItemProxy */ = {
			isa = PBXContainerItemProxy;
			containerPortal = F5A7DEF02BB09EEB0092D436 /* Project object */;
			proxyType = 1;
			remoteGlobalIDString = F5A7DEF72BB09EEB0092D436;
			remoteInfo = upwork;
		};
/* End PBXContainerItemProxy section */

/* Begin PBXFileReference section */
		F555A64A2BB0B0D000B88DD5 /* CustomToolbar.swift */ = {isa = PBXFileReference; fileEncoding = 4; lastKnownFileType = sourcecode.swift; path = CustomToolbar.swift; sourceTree = "<group>"; };
		F555A64B2BB0B0D000B88DD5 /* ListView.swift */ = {isa = PBXFileReference; fileEncoding = 4; lastKnownFileType = sourcecode.swift; path = ListView.swift; sourceTree = "<group>"; };
		F555A64C2BB0B0D000B88DD5 /* NewViewCustomToolbar.swift */ = {isa = PBXFileReference; fileEncoding = 4; lastKnownFileType = sourcecode.swift; path = NewViewCustomToolbar.swift; sourceTree = "<group>"; };
		F555A64D2BB0B0D000B88DD5 /* NewView.swift */ = {isa = PBXFileReference; fileEncoding = 4; lastKnownFileType = sourcecode.swift; path = NewView.swift; sourceTree = "<group>"; };
		F555A6502BB0B0D000B88DD5 /* Preview Assets.xcassets */ = {isa = PBXFileReference; lastKnownFileType = folder.assetcatalog; path = "Preview Assets.xcassets"; sourceTree = "<group>"; };
		F555A6522BB0B0D000B88DD5 /* Assets.xcassets */ = {isa = PBXFileReference; lastKnownFileType = folder.assetcatalog; path = Assets.xcassets; sourceTree = "<group>"; };
		F555A6532BB0B0D000B88DD5 /* ContentView.swift */ = {isa = PBXFileReference; fileEncoding = 4; lastKnownFileType = sourcecode.swift; path = ContentView.swift; sourceTree = "<group>"; };
		F555A6542BB0B0D000B88DD5 /* UpworkApp.swift */ = {isa = PBXFileReference; fileEncoding = 4; lastKnownFileType = sourcecode.swift; path = UpworkApp.swift; sourceTree = "<group>"; };
		F555A65F2BB0B38C00B88DD5 /* Tab.swift */ = {isa = PBXFileReference; fileEncoding = 4; lastKnownFileType = sourcecode.swift; path = Tab.swift; sourceTree = "<group>"; };
		F555A6622BB0B48700B88DD5 /* TabsView.swift */ = {isa = PBXFileReference; fileEncoding = 4; lastKnownFileType = sourcecode.swift; path = TabsView.swift; sourceTree = "<group>"; };
		F555A6642BB0B89F00B88DD5 /* ProfileTabView.swift */ = {isa = PBXFileReference; fileEncoding = 4; lastKnownFileType = sourcecode.swift; path = ProfileTabView.swift; sourceTree = "<group>"; };
		F5A7DEF82BB09EEC0092D436 /* Upwork.app */ = {isa = PBXFileReference; explicitFileType = wrapper.application; includeInIndex = 0; path = Upwork.app; sourceTree = BUILT_PRODUCTS_DIR; };
		F5A7DF082BB09EF30092D436 /* UpworkTests.xctest */ = {isa = PBXFileReference; explicitFileType = wrapper.cfbundle; includeInIndex = 0; path = UpworkTests.xctest; sourceTree = BUILT_PRODUCTS_DIR; };
		F5A7DF0C2BB09EF30092D436 /* UpworkTests.swift */ = {isa = PBXFileReference; lastKnownFileType = sourcecode.swift; path = UpworkTests.swift; sourceTree = "<group>"; };
		F5B985592BB8860C001EAAEA /* ProfileCustomPicker.swift */ = {isa = PBXFileReference; fileEncoding = 4; lastKnownFileType = sourcecode.swift; path = ProfileCustomPicker.swift; sourceTree = "<group>"; };
		F5B9855A2BB8860C001EAAEA /* TwitterProfile.swift */ = {isa = PBXFileReference; fileEncoding = 4; lastKnownFileType = sourcecode.swift; path = TwitterProfile.swift; sourceTree = "<group>"; };
		F5B9856B2BB898AD001EAAEA /* View.swift */ = {isa = PBXFileReference; fileEncoding = 4; lastKnownFileType = sourcecode.swift; path = View.swift; sourceTree = "<group>"; };
		F5B9857B2BB89948001EAAEA /* SwipeDirection.swift */ = {isa = PBXFileReference; fileEncoding = 4; lastKnownFileType = sourcecode.swift; path = SwipeDirection.swift; sourceTree = "<group>"; };
		F5B9857D2BB89C06001EAAEA /* LinearInterpolation.swift */ = {isa = PBXFileReference; fileEncoding = 4; lastKnownFileType = sourcecode.swift; path = LinearInterpolation.swift; sourceTree = "<group>"; };
		F5B985822BB89E44001EAAEA /* ComplexView.swift */ = {isa = PBXFileReference; fileEncoding = 4; lastKnownFileType = sourcecode.swift; path = ComplexView.swift; sourceTree = "<group>"; };
		F5B9858D2BB8AE88001EAAEA /* OriginalProfileCustomPicker.swift */ = {isa = PBXFileReference; fileEncoding = 4; lastKnownFileType = sourcecode.swift; path = OriginalProfileCustomPicker.swift; sourceTree = "<group>"; };
		F5B9858E2BB8AE88001EAAEA /* OriginalTwitterProfile.swift */ = {isa = PBXFileReference; fileEncoding = 4; lastKnownFileType = sourcecode.swift; path = OriginalTwitterProfile.swift; sourceTree = "<group>"; };
/* End PBXFileReference section */

/* Begin PBXFrameworksBuildPhase section */
		F5A7DEF52BB09EEB0092D436 /* Frameworks */ = {
			isa = PBXFrameworksBuildPhase;
			buildActionMask = 2147483647;
			files = (
			);
			runOnlyForDeploymentPostprocessing = 0;
		};
		F5A7DF052BB09EF30092D436 /* Frameworks */ = {
			isa = PBXFrameworksBuildPhase;
			buildActionMask = 2147483647;
			files = (
			);
			runOnlyForDeploymentPostprocessing = 0;
		};
/* End PBXFrameworksBuildPhase section */

/* Begin PBXGroup section */
		F555A64E2BB0B0D000B88DD5 /* Views */ = {
			isa = PBXGroup;
			children = (
				F5B985822BB89E44001EAAEA /* ComplexView.swift */,
				F555A64A2BB0B0D000B88DD5 /* CustomToolbar.swift */,
				F555A64B2BB0B0D000B88DD5 /* ListView.swift */,
				F555A64C2BB0B0D000B88DD5 /* NewViewCustomToolbar.swift */,
				F555A64D2BB0B0D000B88DD5 /* NewView.swift */,
				F555A6642BB0B89F00B88DD5 /* ProfileTabView.swift */,
				F5B985592BB8860C001EAAEA /* ProfileCustomPicker.swift */,
				F555A6622BB0B48700B88DD5 /* TabsView.swift */,
				F5B9855A2BB8860C001EAAEA /* TwitterProfile.swift */,
			);
			path = Views;
			sourceTree = "<group>";
		};
		F555A64F2BB0B0D000B88DD5 /* Market */ = {
			isa = PBXGroup;
			children = (
				F5B9858F2BB8AE88001EAAEA /* Original */,
				F5B985802BB89D56001EAAEA /* Enums */,
				F5B9856C2BB898AD001EAAEA /* Extensions */,
				F5B985862BB8A5EB001EAAEA /* Models */,
				F5B9857E2BB89C06001EAAEA /* Helpers */,
				F555A64E2BB0B0D000B88DD5 /* Views */,
			);
			path = Market;
			sourceTree = "<group>";
		};
		F555A6512BB0B0D000B88DD5 /* Preview Content */ = {
			isa = PBXGroup;
			children = (
				F555A6502BB0B0D000B88DD5 /* Preview Assets.xcassets */,
			);
			path = "Preview Content";
			sourceTree = "<group>";
		};
		F555A6552BB0B0D000B88DD5 /* Upwork */ = {
			isa = PBXGroup;
			children = (
				F555A6542BB0B0D000B88DD5 /* UpworkApp.swift */,
				F555A6532BB0B0D000B88DD5 /* ContentView.swift */,
				F555A64F2BB0B0D000B88DD5 /* Market */,
				F555A6512BB0B0D000B88DD5 /* Preview Content */,
				F555A6522BB0B0D000B88DD5 /* Assets.xcassets */,
			);
			path = Upwork;
			sourceTree = "<group>";
		};
		F5A7DEEF2BB09EEB0092D436 = {
			isa = PBXGroup;
			children = (
				F555A6552BB0B0D000B88DD5 /* Upwork */,
				F5A7DF0B2BB09EF30092D436 /* UpworkTests */,
				F5A7DEF92BB09EEC0092D436 /* Products */,
			);
			sourceTree = "<group>";
		};
		F5A7DEF92BB09EEC0092D436 /* Products */ = {
			isa = PBXGroup;
			children = (
				F5A7DEF82BB09EEC0092D436 /* Upwork.app */,
				F5A7DF082BB09EF30092D436 /* UpworkTests.xctest */,
			);
			name = Products;
			sourceTree = "<group>";
		};
		F5A7DF0B2BB09EF30092D436 /* UpworkTests */ = {
			isa = PBXGroup;
			children = (
				F5A7DF0C2BB09EF30092D436 /* UpworkTests.swift */,
			);
			path = UpworkTests;
			sourceTree = "<group>";
		};
		F5B9856C2BB898AD001EAAEA /* Extensions */ = {
			isa = PBXGroup;
			children = (
				F5B9856B2BB898AD001EAAEA /* View.swift */,
			);
			path = Extensions;
			sourceTree = "<group>";
		};
		F5B9857E2BB89C06001EAAEA /* Helpers */ = {
			isa = PBXGroup;
			children = (
				F5B9857D2BB89C06001EAAEA /* LinearInterpolation.swift */,
			);
			path = Helpers;
			sourceTree = "<group>";
		};
		F5B985802BB89D56001EAAEA /* Enums */ = {
			isa = PBXGroup;
			children = (
				F5B9857B2BB89948001EAAEA /* SwipeDirection.swift */,
			);
			path = Enums;
			sourceTree = "<group>";
		};
		F5B985862BB8A5EB001EAAEA /* Models */ = {
			isa = PBXGroup;
			children = (
				F555A65F2BB0B38C00B88DD5 /* Tab.swift */,
			);
			path = Models;
			sourceTree = "<group>";
		};
		F5B9858F2BB8AE88001EAAEA /* Original */ = {
			isa = PBXGroup;
			children = (
				F5B9858D2BB8AE88001EAAEA /* OriginalProfileCustomPicker.swift */,
				F5B9858E2BB8AE88001EAAEA /* OriginalTwitterProfile.swift */,
			);
			path = Original;
			sourceTree = "<group>";
		};
/* End PBXGroup section */

/* Begin PBXNativeTarget section */
		F5A7DEF72BB09EEB0092D436 /* Upwork */ = {
			isa = PBXNativeTarget;
			buildConfigurationList = F5A7DF1C2BB09EF30092D436 /* Build configuration list for PBXNativeTarget "Upwork" */;
			buildPhases = (
				F5A7DEF42BB09EEB0092D436 /* Sources */,
				F5A7DEF52BB09EEB0092D436 /* Frameworks */,
				F5A7DEF62BB09EEB0092D436 /* Resources */,
			);
			buildRules = (
			);
			dependencies = (
			);
			name = Upwork;
			productName = upwork;
			productReference = F5A7DEF82BB09EEC0092D436 /* Upwork.app */;
			productType = "com.apple.product-type.application";
		};
		F5A7DF072BB09EF30092D436 /* UpworkTests */ = {
			isa = PBXNativeTarget;
			buildConfigurationList = F5A7DF1F2BB09EF30092D436 /* Build configuration list for PBXNativeTarget "UpworkTests" */;
			buildPhases = (
				F5A7DF042BB09EF30092D436 /* Sources */,
				F5A7DF052BB09EF30092D436 /* Frameworks */,
				F5A7DF062BB09EF30092D436 /* Resources */,
			);
			buildRules = (
			);
			dependencies = (
				F5A7DF0A2BB09EF30092D436 /* PBXTargetDependency */,
			);
			name = UpworkTests;
			productName = upworkTests;
			productReference = F5A7DF082BB09EF30092D436 /* UpworkTests.xctest */;
			productType = "com.apple.product-type.bundle.unit-test";
		};
/* End PBXNativeTarget section */

/* Begin PBXProject section */
		F5A7DEF02BB09EEB0092D436 /* Project object */ = {
			isa = PBXProject;
			attributes = {
				BuildIndependentTargetsInParallel = 1;
				LastSwiftUpdateCheck = 1530;
				LastUpgradeCheck = 1530;
				TargetAttributes = {
					F5A7DEF72BB09EEB0092D436 = {
						CreatedOnToolsVersion = 15.3;
					};
					F5A7DF072BB09EF30092D436 = {
						CreatedOnToolsVersion = 15.3;
						TestTargetID = F5A7DEF72BB09EEB0092D436;
					};
				};
			};
			buildConfigurationList = F5A7DEF32BB09EEB0092D436 /* Build configuration list for PBXProject "Upwork" */;
			compatibilityVersion = "Xcode 14.0";
			developmentRegion = en;
			hasScannedForEncodings = 0;
			knownRegions = (
				en,
				Base,
			);
			mainGroup = F5A7DEEF2BB09EEB0092D436;
			productRefGroup = F5A7DEF92BB09EEC0092D436 /* Products */;
			projectDirPath = "";
			projectRoot = "";
			targets = (
				F5A7DEF72BB09EEB0092D436 /* Upwork */,
				F5A7DF072BB09EF30092D436 /* UpworkTests */,
			);
		};
/* End PBXProject section */

/* Begin PBXResourcesBuildPhase section */
		F5A7DEF62BB09EEB0092D436 /* Resources */ = {
			isa = PBXResourcesBuildPhase;
			buildActionMask = 2147483647;
			files = (
				F555A65C2BB0B0D000B88DD5 /* Assets.xcassets in Resources */,
				F555A65B2BB0B0D000B88DD5 /* Preview Assets.xcassets in Resources */,
			);
			runOnlyForDeploymentPostprocessing = 0;
		};
		F5A7DF062BB09EF30092D436 /* Resources */ = {
			isa = PBXResourcesBuildPhase;
			buildActionMask = 2147483647;
			files = (
			);
			runOnlyForDeploymentPostprocessing = 0;
		};
/* End PBXResourcesBuildPhase section */

/* Begin PBXSourcesBuildPhase section */
		F5A7DEF42BB09EEB0092D436 /* Sources */ = {
			isa = PBXSourcesBuildPhase;
			buildActionMask = 2147483647;
			files = (
				F555A6572BB0B0D000B88DD5 /* CustomToolbar.swift in Sources */,
				F5B9855D2BB8860C001EAAEA /* TwitterProfile.swift in Sources */,
				F555A65E2BB0B0D000B88DD5 /* UpworkApp.swift in Sources */,
				F555A6652BB0B89F00B88DD5 /* ProfileTabView.swift in Sources */,
				F555A6592BB0B0D000B88DD5 /* NewViewCustomToolbar.swift in Sources */,
				F555A6612BB0B38D00B88DD5 /* Tab.swift in Sources */,
				F5B9857F2BB89C06001EAAEA /* LinearInterpolation.swift in Sources */,
				F555A65D2BB0B0D000B88DD5 /* ContentView.swift in Sources */,
				F5B985922BB8AE88001EAAEA /* OriginalTwitterProfile.swift in Sources */,
				F5B9857A2BB898AE001EAAEA /* View.swift in Sources */,
				F5B9857C2BB89948001EAAEA /* SwipeDirection.swift in Sources */,
				F555A6632BB0B48700B88DD5 /* TabsView.swift in Sources */,
				F5B985912BB8AE88001EAAEA /* OriginalProfileCustomPicker.swift in Sources */,
				F555A65A2BB0B0D000B88DD5 /* NewView.swift in Sources */,
				F5B9855C2BB8860C001EAAEA /* ProfileCustomPicker.swift in Sources */,
				F555A6582BB0B0D000B88DD5 /* ListView.swift in Sources */,
				F5B985842BB89E44001EAAEA /* ComplexView.swift in Sources */,
			);
			runOnlyForDeploymentPostprocessing = 0;
		};
		F5A7DF042BB09EF30092D436 /* Sources */ = {
			isa = PBXSourcesBuildPhase;
			buildActionMask = 2147483647;
			files = (
				F5A7DF0D2BB09EF30092D436 /* UpworkTests.swift in Sources */,
			);
			runOnlyForDeploymentPostprocessing = 0;
		};
/* End PBXSourcesBuildPhase section */

/* Begin PBXTargetDependency section */
		F5A7DF0A2BB09EF30092D436 /* PBXTargetDependency */ = {
			isa = PBXTargetDependency;
			target = F5A7DEF72BB09EEB0092D436 /* Upwork */;
			targetProxy = F5A7DF092BB09EF30092D436 /* PBXContainerItemProxy */;
		};
/* End PBXTargetDependency section */

/* Begin XCBuildConfiguration section */
		F5A7DF1A2BB09EF30092D436 /* Debug */ = {
			isa = XCBuildConfiguration;
			buildSettings = {
				ALWAYS_SEARCH_USER_PATHS = NO;
				ASSETCATALOG_COMPILER_GENERATE_SWIFT_ASSET_SYMBOL_EXTENSIONS = YES;
				CLANG_ANALYZER_NONNULL = YES;
				CLANG_ANALYZER_NUMBER_OBJECT_CONVERSION = YES_AGGRESSIVE;
				CLANG_CXX_LANGUAGE_STANDARD = "gnu++20";
				CLANG_ENABLE_MODULES = YES;
				CLANG_ENABLE_OBJC_ARC = YES;
				CLANG_ENABLE_OBJC_WEAK = YES;
				CLANG_WARN_BLOCK_CAPTURE_AUTORELEASING = YES;
				CLANG_WARN_BOOL_CONVERSION = YES;
				CLANG_WARN_COMMA = YES;
				CLANG_WARN_CONSTANT_CONVERSION = YES;
				CLANG_WARN_DEPRECATED_OBJC_IMPLEMENTATIONS = YES;
				CLANG_WARN_DIRECT_OBJC_ISA_USAGE = YES_ERROR;
				CLANG_WARN_DOCUMENTATION_COMMENTS = YES;
				CLANG_WARN_EMPTY_BODY = YES;
				CLANG_WARN_ENUM_CONVERSION = YES;
				CLANG_WARN_INFINITE_RECURSION = YES;
				CLANG_WARN_INT_CONVERSION = YES;
				CLANG_WARN_NON_LITERAL_NULL_CONVERSION = YES;
				CLANG_WARN_OBJC_IMPLICIT_RETAIN_SELF = YES;
				CLANG_WARN_OBJC_LITERAL_CONVERSION = YES;
				CLANG_WARN_OBJC_ROOT_CLASS = YES_ERROR;
				CLANG_WARN_QUOTED_INCLUDE_IN_FRAMEWORK_HEADER = YES;
				CLANG_WARN_RANGE_LOOP_ANALYSIS = YES;
				CLANG_WARN_STRICT_PROTOTYPES = YES;
				CLANG_WARN_SUSPICIOUS_MOVE = YES;
				CLANG_WARN_UNGUARDED_AVAILABILITY = YES_AGGRESSIVE;
				CLANG_WARN_UNREACHABLE_CODE = YES;
				CLANG_WARN__DUPLICATE_METHOD_MATCH = YES;
				COPY_PHASE_STRIP = NO;
				DEBUG_INFORMATION_FORMAT = dwarf;
				ENABLE_STRICT_OBJC_MSGSEND = YES;
				ENABLE_TESTABILITY = YES;
				ENABLE_USER_SCRIPT_SANDBOXING = YES;
				GCC_C_LANGUAGE_STANDARD = gnu17;
				GCC_DYNAMIC_NO_PIC = NO;
				GCC_NO_COMMON_BLOCKS = YES;
				GCC_OPTIMIZATION_LEVEL = 0;
				GCC_PREPROCESSOR_DEFINITIONS = (
					"DEBUG=1",
					"$(inherited)",
				);
				GCC_WARN_64_TO_32_BIT_CONVERSION = YES;
				GCC_WARN_ABOUT_RETURN_TYPE = YES_ERROR;
				GCC_WARN_UNDECLARED_SELECTOR = YES;
				GCC_WARN_UNINITIALIZED_AUTOS = YES_AGGRESSIVE;
				GCC_WARN_UNUSED_FUNCTION = YES;
				GCC_WARN_UNUSED_VARIABLE = YES;
				IPHONEOS_DEPLOYMENT_TARGET = 17.4;
				LOCALIZATION_PREFERS_STRING_CATALOGS = YES;
				MTL_ENABLE_DEBUG_INFO = INCLUDE_SOURCE;
				MTL_FAST_MATH = YES;
				ONLY_ACTIVE_ARCH = YES;
				SDKROOT = iphoneos;
				SWIFT_ACTIVE_COMPILATION_CONDITIONS = "DEBUG $(inherited)";
				SWIFT_OPTIMIZATION_LEVEL = "-Onone";
			};
			name = Debug;
		};
		F5A7DF1B2BB09EF30092D436 /* Release */ = {
			isa = XCBuildConfiguration;
			buildSettings = {
				ALWAYS_SEARCH_USER_PATHS = NO;
				ASSETCATALOG_COMPILER_GENERATE_SWIFT_ASSET_SYMBOL_EXTENSIONS = YES;
				CLANG_ANALYZER_NONNULL = YES;
				CLANG_ANALYZER_NUMBER_OBJECT_CONVERSION = YES_AGGRESSIVE;
				CLANG_CXX_LANGUAGE_STANDARD = "gnu++20";
				CLANG_ENABLE_MODULES = YES;
				CLANG_ENABLE_OBJC_ARC = YES;
				CLANG_ENABLE_OBJC_WEAK = YES;
				CLANG_WARN_BLOCK_CAPTURE_AUTORELEASING = YES;
				CLANG_WARN_BOOL_CONVERSION = YES;
				CLANG_WARN_COMMA = YES;
				CLANG_WARN_CONSTANT_CONVERSION = YES;
				CLANG_WARN_DEPRECATED_OBJC_IMPLEMENTATIONS = YES;
				CLANG_WARN_DIRECT_OBJC_ISA_USAGE = YES_ERROR;
				CLANG_WARN_DOCUMENTATION_COMMENTS = YES;
				CLANG_WARN_EMPTY_BODY = YES;
				CLANG_WARN_ENUM_CONVERSION = YES;
				CLANG_WARN_INFINITE_RECURSION = YES;
				CLANG_WARN_INT_CONVERSION = YES;
				CLANG_WARN_NON_LITERAL_NULL_CONVERSION = YES;
				CLANG_WARN_OBJC_IMPLICIT_RETAIN_SELF = YES;
				CLANG_WARN_OBJC_LITERAL_CONVERSION = YES;
				CLANG_WARN_OBJC_ROOT_CLASS = YES_ERROR;
				CLANG_WARN_QUOTED_INCLUDE_IN_FRAMEWORK_HEADER = YES;
				CLANG_WARN_RANGE_LOOP_ANALYSIS = YES;
				CLANG_WARN_STRICT_PROTOTYPES = YES;
				CLANG_WARN_SUSPICIOUS_MOVE = YES;
				CLANG_WARN_UNGUARDED_AVAILABILITY = YES_AGGRESSIVE;
				CLANG_WARN_UNREACHABLE_CODE = YES;
				CLANG_WARN__DUPLICATE_METHOD_MATCH = YES;
				COPY_PHASE_STRIP = NO;
				DEBUG_INFORMATION_FORMAT = "dwarf-with-dsym";
				ENABLE_NS_ASSERTIONS = NO;
				ENABLE_STRICT_OBJC_MSGSEND = YES;
				ENABLE_USER_SCRIPT_SANDBOXING = YES;
				GCC_C_LANGUAGE_STANDARD = gnu17;
				GCC_NO_COMMON_BLOCKS = YES;
				GCC_WARN_64_TO_32_BIT_CONVERSION = YES;
				GCC_WARN_ABOUT_RETURN_TYPE = YES_ERROR;
				GCC_WARN_UNDECLARED_SELECTOR = YES;
				GCC_WARN_UNINITIALIZED_AUTOS = YES_AGGRESSIVE;
				GCC_WARN_UNUSED_FUNCTION = YES;
				GCC_WARN_UNUSED_VARIABLE = YES;
				IPHONEOS_DEPLOYMENT_TARGET = 17.4;
				LOCALIZATION_PREFERS_STRING_CATALOGS = YES;
				MTL_ENABLE_DEBUG_INFO = NO;
				MTL_FAST_MATH = YES;
				SDKROOT = iphoneos;
				SWIFT_COMPILATION_MODE = wholemodule;
				VALIDATE_PRODUCT = YES;
			};
			name = Release;
		};
		F5A7DF1D2BB09EF30092D436 /* Debug */ = {
			isa = XCBuildConfiguration;
			buildSettings = {
				ASSETCATALOG_COMPILER_APPICON_NAME = AppIcon;
				ASSETCATALOG_COMPILER_GLOBAL_ACCENT_COLOR_NAME = AccentColor;
				CODE_SIGN_STYLE = Automatic;
				CURRENT_PROJECT_VERSION = 1;
				DEVELOPMENT_ASSET_PATHS = "\"upwork/Preview Content\"";
				ENABLE_PREVIEWS = YES;
				GENERATE_INFOPLIST_FILE = YES;
				INFOPLIST_KEY_UIApplicationSceneManifest_Generation = YES;
				INFOPLIST_KEY_UIApplicationSupportsIndirectInputEvents = YES;
				INFOPLIST_KEY_UILaunchScreen_Generation = YES;
				INFOPLIST_KEY_UISupportedInterfaceOrientations_iPad = "UIInterfaceOrientationPortrait UIInterfaceOrientationPortraitUpsideDown UIInterfaceOrientationLandscapeLeft UIInterfaceOrientationLandscapeRight";
				INFOPLIST_KEY_UISupportedInterfaceOrientations_iPhone = "UIInterfaceOrientationPortrait UIInterfaceOrientationLandscapeLeft UIInterfaceOrientationLandscapeRight";
				LD_RUNPATH_SEARCH_PATHS = (
					"$(inherited)",
					"@executable_path/Frameworks",
				);
				MARKETING_VERSION = 1.0;
				PRODUCT_BUNDLE_IDENTIFIER = amr.upwork;
				PRODUCT_NAME = "$(TARGET_NAME)";
				SWIFT_EMIT_LOC_STRINGS = YES;
				SWIFT_VERSION = 5.0;
				TARGETED_DEVICE_FAMILY = "1,2";
			};
			name = Debug;
		};
		F5A7DF1E2BB09EF30092D436 /* Release */ = {
			isa = XCBuildConfiguration;
			buildSettings = {
				ASSETCATALOG_COMPILER_APPICON_NAME = AppIcon;
				ASSETCATALOG_COMPILER_GLOBAL_ACCENT_COLOR_NAME = AccentColor;
				CODE_SIGN_STYLE = Automatic;
				CURRENT_PROJECT_VERSION = 1;
				DEVELOPMENT_ASSET_PATHS = "\"upwork/Preview Content\"";
				ENABLE_PREVIEWS = YES;
				GENERATE_INFOPLIST_FILE = YES;
				INFOPLIST_KEY_UIApplicationSceneManifest_Generation = YES;
				INFOPLIST_KEY_UIApplicationSupportsIndirectInputEvents = YES;
				INFOPLIST_KEY_UILaunchScreen_Generation = YES;
				INFOPLIST_KEY_UISupportedInterfaceOrientations_iPad = "UIInterfaceOrientationPortrait UIInterfaceOrientationPortraitUpsideDown UIInterfaceOrientationLandscapeLeft UIInterfaceOrientationLandscapeRight";
				INFOPLIST_KEY_UISupportedInterfaceOrientations_iPhone = "UIInterfaceOrientationPortrait UIInterfaceOrientationLandscapeLeft UIInterfaceOrientationLandscapeRight";
				LD_RUNPATH_SEARCH_PATHS = (
					"$(inherited)",
					"@executable_path/Frameworks",
				);
				MARKETING_VERSION = 1.0;
				PRODUCT_BUNDLE_IDENTIFIER = amr.upwork;
				PRODUCT_NAME = "$(TARGET_NAME)";
				SWIFT_EMIT_LOC_STRINGS = YES;
				SWIFT_VERSION = 5.0;
				TARGETED_DEVICE_FAMILY = "1,2";
			};
			name = Release;
		};
		F5A7DF202BB09EF30092D436 /* Debug */ = {
			isa = XCBuildConfiguration;
			buildSettings = {
				ALWAYS_EMBED_SWIFT_STANDARD_LIBRARIES = YES;
				BUNDLE_LOADER = "$(TEST_HOST)";
				CODE_SIGN_STYLE = Automatic;
				CURRENT_PROJECT_VERSION = 1;
				GENERATE_INFOPLIST_FILE = YES;
				IPHONEOS_DEPLOYMENT_TARGET = 17.4;
				MARKETING_VERSION = 1.0;
				PRODUCT_BUNDLE_IDENTIFIER = amr.upworkTests;
				PRODUCT_NAME = "$(TARGET_NAME)";
				SWIFT_EMIT_LOC_STRINGS = NO;
				SWIFT_VERSION = 5.0;
				TARGETED_DEVICE_FAMILY = "1,2";
				TEST_HOST = "$(BUILT_PRODUCTS_DIR)/Upwork.app/$(BUNDLE_EXECUTABLE_FOLDER_PATH)/Upwork";
			};
			name = Debug;
		};
		F5A7DF212BB09EF30092D436 /* Release */ = {
			isa = XCBuildConfiguration;
			buildSettings = {
				ALWAYS_EMBED_SWIFT_STANDARD_LIBRARIES = YES;
				BUNDLE_LOADER = "$(TEST_HOST)";
				CODE_SIGN_STYLE = Automatic;
				CURRENT_PROJECT_VERSION = 1;
				GENERATE_INFOPLIST_FILE = YES;
				IPHONEOS_DEPLOYMENT_TARGET = 17.4;
				MARKETING_VERSION = 1.0;
				PRODUCT_BUNDLE_IDENTIFIER = amr.upworkTests;
				PRODUCT_NAME = "$(TARGET_NAME)";
				SWIFT_EMIT_LOC_STRINGS = NO;
				SWIFT_VERSION = 5.0;
				TARGETED_DEVICE_FAMILY = "1,2";
				TEST_HOST = "$(BUILT_PRODUCTS_DIR)/Upwork.app/$(BUNDLE_EXECUTABLE_FOLDER_PATH)/Upwork";
			};
			name = Release;
		};
/* End XCBuildConfiguration section */

/* Begin XCConfigurationList section */
		F5A7DEF32BB09EEB0092D436 /* Build configuration list for PBXProject "Upwork" */ = {
			isa = XCConfigurationList;
			buildConfigurations = (
				F5A7DF1A2BB09EF30092D436 /* Debug */,
				F5A7DF1B2BB09EF30092D436 /* Release */,
			);
			defaultConfigurationIsVisible = 0;
			defaultConfigurationName = Release;
		};
		F5A7DF1C2BB09EF30092D436 /* Build configuration list for PBXNativeTarget "Upwork" */ = {
			isa = XCConfigurationList;
			buildConfigurations = (
				F5A7DF1D2BB09EF30092D436 /* Debug */,
				F5A7DF1E2BB09EF30092D436 /* Release */,
			);
			defaultConfigurationIsVisible = 0;
			defaultConfigurationName = Release;
		};
		F5A7DF1F2BB09EF30092D436 /* Build configuration list for PBXNativeTarget "UpworkTests" */ = {
			isa = XCConfigurationList;
			buildConfigurations = (
				F5A7DF202BB09EF30092D436 /* Debug */,
				F5A7DF212BB09EF30092D436 /* Release */,
			);
			defaultConfigurationIsVisible = 0;
			defaultConfigurationName = Release;
		};
/* End XCConfigurationList section */
	};
	rootObject = F5A7DEF02BB09EEB0092D436 /* Project object */;
}
